
Microsoft Visual Studio Solution File, Format Version 12.00
Project("{2150E333-8FDC-42A3-9474-1A3956D46DE8}") = "common", "common", "{64C7BD9C-7F45-41E7-B299-3FEC920DB198}"
ProjectSection(SolutionItems) = preProject
	..\README.md = ..\README.md
EndProjectSection
EndProject
Project("{2150E333-8FDC-42A3-9474-1A3956D46DE8}") = "src", "src", "{8FE769AE-B17E-4997-A082-24B8E9AA74A9}"
EndProject
Project("{2150E333-8FDC-42A3-9474-1A3956D46DE8}") = "tests", "tests", "{F3949C08-2ABF-4F72-833B-049B81BE8939}"
EndProject
Project("{FAE04EC0-301F-11D3-BF4B-00C04F79EFBC}") = "merchandise-service", "src\merchandise-service\merchandise-service.csproj", "{E5456804-72B5-43C6-B559-CAAB3745DE2F}"
EndProject
Global
	GlobalSection(SolutionConfigurationPlatforms) = preSolution
		Debug|Any CPU = Debug|Any CPU
		Release|Any CPU = Release|Any CPU
	EndGlobalSection
	GlobalSection(NestedProjects) = preSolution
		{E5456804-72B5-43C6-B559-CAAB3745DE2F} = {8FE769AE-B17E-4997-A082-24B8E9AA74A9}
	EndGlobalSection
	GlobalSection(ProjectConfigurationPlatforms) = postSolution
		{E5456804-72B5-43C6-B559-CAAB3745DE2F}.Debug|Any CPU.ActiveCfg = Debug|Any CPU
		{E5456804-72B5-43C6-B559-CAAB3745DE2F}.Debug|Any CPU.Build.0 = Debug|Any CPU
		{E5456804-72B5-43C6-B559-CAAB3745DE2F}.Release|Any CPU.ActiveCfg = Release|Any CPU
		{E5456804-72B5-43C6-B559-CAAB3745DE2F}.Release|Any CPU.Build.0 = Release|Any CPU
	EndGlobalSection
EndGlobal
